// !$*UTF8*$!
{
	archiveVersion = 1;
	classes = {
	};
	objectVersion = 46;
	objects = {

/* Begin PBXGroup section */
		B5DB05EF1AACA8C4009465A5 = {
			isa = PBXGroup;
			children = (
			);
			sourceTree = "<group>";
		};
/* End PBXGroup section */

/* Begin PBXProject section */
		B5DB05F01AACA8C4009465A5 /* Project object */ = {
			isa = PBXProject;
			attributes = {
				LastUpgradeCheck = 0610;
			};
			buildConfigurationList = B5DB05F31AACA8C4009465A5 /* Build configuration list for PBXProject "SupremeOpinions" */;
			compatibilityVersion = "Xcode 3.2";
			developmentRegion = English;
			hasScannedForEncodings = 0;
			knownRegions = (
				en,
			);
			mainGroup = B5DB05EF1AACA8C4009465A5;
			projectDirPath = "";
			projectRoot = "";
			targets = (
			);
		};
/* End PBXProject section */

/* Begin XCBuildConfiguration section */
		B5DB05F41AACA8C4009465A5 /* Debug */ = {
			isa = XCBuildConfiguration;
			buildSettings = {
			};
			name = Debug;
		};
		B5DB05F51AACA8C4009465A5 /* Release */ = {
			isa = XCBuildConfiguration;
			buildSettings = {
			};
			name = Release;
		};
/* End XCBuildConfiguration section */

/* Begin XCConfigurationList section */
		B5DB05F31AACA8C4009465A5 /* Build configuration list for PBXProject "SupremeOpinions" */ = {
			isa = XCConfigurationList;
			buildConfigurations = (
				B5DB05F41AACA8C4009465A5 /* Debug */,
				B5DB05F51AACA8C4009465A5 /* Release */,
			);
			defaultConfigurationIsVisible = 0;
			defaultConfigurationName = Release;
		};
/* End XCConfigurationList section */
	};
	rootObject = B5DB05F01AACA8C4009465A5 /* Project object */;
}
